// !$*UTF8*$!
{
	archiveVersion = 1;
	classes = {
	};
	objectVersion = 46;
	objects = {

/* Begin PBXBuildFile section */
		F14E76C71E9B2C3A00E19BCA /* Follow.storyboard in Resources */ = {isa = PBXBuildFile; fileRef = F14E76B81E9B2C3A00E19BCA /* Follow.storyboard */; };
		F14E76C81E9B2C3A00E19BCA /* FollowViewController.m in Sources */ = {isa = PBXBuildFile; fileRef = F14E76BA1E9B2C3A00E19BCA /* FollowViewController.m */; };
		F14E76C91E9B2C3A00E19BCA /* Home.storyboard in Resources */ = {isa = PBXBuildFile; fileRef = F14E76BC1E9B2C3A00E19BCA /* Home.storyboard */; };
		F14E76CA1E9B2C3A00E19BCA /* HomeViewController.m in Sources */ = {isa = PBXBuildFile; fileRef = F14E76BE1E9B2C3A00E19BCA /* HomeViewController.m */; };
		F14E76CB1E9B2C3A00E19BCA /* Live.storyboard in Resources */ = {isa = PBXBuildFile; fileRef = F14E76C01E9B2C3A00E19BCA /* Live.storyboard */; };
		F14E76CC1E9B2C3A00E19BCA /* LiveViewController.m in Sources */ = {isa = PBXBuildFile; fileRef = F14E76C21E9B2C3A00E19BCA /* LiveViewController.m */; };
		F14E76CD1E9B2C3A00E19BCA /* Profile.storyboard in Resources */ = {isa = PBXBuildFile; fileRef = F14E76C41E9B2C3A00E19BCA /* Profile.storyboard */; };
		F14E76CE1E9B2C3A00E19BCA /* ProfileViewController.m in Sources */ = {isa = PBXBuildFile; fileRef = F14E76C61E9B2C3A00E19BCA /* ProfileViewController.m */; };
		F1D2E88B1E9A58930000DBB4 /* main.m in Sources */ = {isa = PBXBuildFile; fileRef = F1D2E88A1E9A58930000DBB4 /* main.m */; };
		F1D2E88E1E9A58930000DBB4 /* AppDelegate.m in Sources */ = {isa = PBXBuildFile; fileRef = F1D2E88D1E9A58930000DBB4 /* AppDelegate.m */; };
		F1D2E8941E9A58930000DBB4 /* Main.storyboard in Resources */ = {isa = PBXBuildFile; fileRef = F1D2E8921E9A58930000DBB4 /* Main.storyboard */; };
		F1D2E8961E9A58930000DBB4 /* Assets.xcassets in Resources */ = {isa = PBXBuildFile; fileRef = F1D2E8951E9A58930000DBB4 /* Assets.xcassets */; };
		F1D2E8991E9A58930000DBB4 /* LaunchScreen.storyboard in Resources */ = {isa = PBXBuildFile; fileRef = F1D2E8971E9A58930000DBB4 /* LaunchScreen.storyboard */; };
		F1D2E8A41E9A58930000DBB4 /* PSDYZBTests.m in Sources */ = {isa = PBXBuildFile; fileRef = F1D2E8A31E9A58930000DBB4 /* PSDYZBTests.m */; };
		F1D2E8AF1E9A58930000DBB4 /* PSDYZBUITests.m in Sources */ = {isa = PBXBuildFile; fileRef = F1D2E8AE1E9A58930000DBB4 /* PSDYZBUITests.m */; };
/* End PBXBuildFile section */

/* Begin PBXContainerItemProxy section */
		F1D2E8A01E9A58930000DBB4 /* PBXContainerItemProxy */ = {
			isa = PBXContainerItemProxy;
			containerPortal = F1D2E87E1E9A58930000DBB4 /* Project object */;
			proxyType = 1;
			remoteGlobalIDString = F1D2E8851E9A58930000DBB4;
			remoteInfo = PSDYZB;
		};
		F1D2E8AB1E9A58930000DBB4 /* PBXContainerItemProxy */ = {
			isa = PBXContainerItemProxy;
			containerPortal = F1D2E87E1E9A58930000DBB4 /* Project object */;
			proxyType = 1;
			remoteGlobalIDString = F1D2E8851E9A58930000DBB4;
			remoteInfo = PSDYZB;
		};
/* End PBXContainerItemProxy section */

/* Begin PBXFileReference section */
		F14E76B81E9B2C3A00E19BCA /* Follow.storyboard */ = {isa = PBXFileReference; fileEncoding = 4; lastKnownFileType = file.storyboard; path = Follow.storyboard; sourceTree = "<group>"; };
		F14E76B91E9B2C3A00E19BCA /* FollowViewController.h */ = {isa = PBXFileReference; fileEncoding = 4; lastKnownFileType = sourcecode.c.h; path = FollowViewController.h; sourceTree = "<group>"; };
		F14E76BA1E9B2C3A00E19BCA /* FollowViewController.m */ = {isa = PBXFileReference; fileEncoding = 4; lastKnownFileType = sourcecode.c.objc; path = FollowViewController.m; sourceTree = "<group>"; };
		F14E76BC1E9B2C3A00E19BCA /* Home.storyboard */ = {isa = PBXFileReference; fileEncoding = 4; lastKnownFileType = file.storyboard; path = Home.storyboard; sourceTree = "<group>"; };
		F14E76BD1E9B2C3A00E19BCA /* HomeViewController.h */ = {isa = PBXFileReference; fileEncoding = 4; lastKnownFileType = sourcecode.c.h; path = HomeViewController.h; sourceTree = "<group>"; };
		F14E76BE1E9B2C3A00E19BCA /* HomeViewController.m */ = {isa = PBXFileReference; fileEncoding = 4; lastKnownFileType = sourcecode.c.objc; path = HomeViewController.m; sourceTree = "<group>"; };
		F14E76C01E9B2C3A00E19BCA /* Live.storyboard */ = {isa = PBXFileReference; fileEncoding = 4; lastKnownFileType = file.storyboard; path = Live.storyboard; sourceTree = "<group>"; };
		F14E76C11E9B2C3A00E19BCA /* LiveViewController.h */ = {isa = PBXFileReference; fileEncoding = 4; lastKnownFileType = sourcecode.c.h; path = LiveViewController.h; sourceTree = "<group>"; };
		F14E76C21E9B2C3A00E19BCA /* LiveViewController.m */ = {isa = PBXFileReference; fileEncoding = 4; lastKnownFileType = sourcecode.c.objc; path = LiveViewController.m; sourceTree = "<group>"; };
		F14E76C41E9B2C3A00E19BCA /* Profile.storyboard */ = {isa = PBXFileReference; fileEncoding = 4; lastKnownFileType = file.storyboard; path = Profile.storyboard; sourceTree = "<group>"; };
		F14E76C51E9B2C3A00E19BCA /* ProfileViewController.h */ = {isa = PBXFileReference; fileEncoding = 4; lastKnownFileType = sourcecode.c.h; path = ProfileViewController.h; sourceTree = "<group>"; };
		F14E76C61E9B2C3A00E19BCA /* ProfileViewController.m */ = {isa = PBXFileReference; fileEncoding = 4; lastKnownFileType = sourcecode.c.objc; path = ProfileViewController.m; sourceTree = "<group>"; };
		F1D2E8861E9A58930000DBB4 /* PSDYZB.app */ = {isa = PBXFileReference; explicitFileType = wrapper.application; includeInIndex = 0; path = PSDYZB.app; sourceTree = BUILT_PRODUCTS_DIR; };
		F1D2E88A1E9A58930000DBB4 /* main.m */ = {isa = PBXFileReference; lastKnownFileType = sourcecode.c.objc; path = main.m; sourceTree = "<group>"; };
		F1D2E88C1E9A58930000DBB4 /* AppDelegate.h */ = {isa = PBXFileReference; lastKnownFileType = sourcecode.c.h; path = AppDelegate.h; sourceTree = "<group>"; };
		F1D2E88D1E9A58930000DBB4 /* AppDelegate.m */ = {isa = PBXFileReference; lastKnownFileType = sourcecode.c.objc; path = AppDelegate.m; sourceTree = "<group>"; };
		F1D2E8931E9A58930000DBB4 /* Base */ = {isa = PBXFileReference; lastKnownFileType = file.storyboard; name = Base; path = Base.lproj/Main.storyboard; sourceTree = "<group>"; };
		F1D2E8951E9A58930000DBB4 /* Assets.xcassets */ = {isa = PBXFileReference; lastKnownFileType = folder.assetcatalog; path = Assets.xcassets; sourceTree = "<group>"; };
		F1D2E8981E9A58930000DBB4 /* Base */ = {isa = PBXFileReference; lastKnownFileType = file.storyboard; name = Base; path = Base.lproj/LaunchScreen.storyboard; sourceTree = "<group>"; };
		F1D2E89A1E9A58930000DBB4 /* Info.plist */ = {isa = PBXFileReference; lastKnownFileType = text.plist.xml; path = Info.plist; sourceTree = "<group>"; };
		F1D2E89F1E9A58930000DBB4 /* PSDYZBTests.xctest */ = {isa = PBXFileReference; explicitFileType = wrapper.cfbundle; includeInIndex = 0; path = PSDYZBTests.xctest; sourceTree = BUILT_PRODUCTS_DIR; };
		F1D2E8A31E9A58930000DBB4 /* PSDYZBTests.m */ = {isa = PBXFileReference; lastKnownFileType = sourcecode.c.objc; path = PSDYZBTests.m; sourceTree = "<group>"; };
		F1D2E8A51E9A58930000DBB4 /* Info.plist */ = {isa = PBXFileReference; lastKnownFileType = text.plist.xml; path = Info.plist; sourceTree = "<group>"; };
		F1D2E8AA1E9A58930000DBB4 /* PSDYZBUITests.xctest */ = {isa = PBXFileReference; explicitFileType = wrapper.cfbundle; includeInIndex = 0; path = PSDYZBUITests.xctest; sourceTree = BUILT_PRODUCTS_DIR; };
		F1D2E8AE1E9A58930000DBB4 /* PSDYZBUITests.m */ = {isa = PBXFileReference; lastKnownFileType = sourcecode.c.objc; path = PSDYZBUITests.m; sourceTree = "<group>"; };
		F1D2E8B01E9A58930000DBB4 /* Info.plist */ = {isa = PBXFileReference; lastKnownFileType = text.plist.xml; path = Info.plist; sourceTree = "<group>"; };
/* End PBXFileReference section */

/* Begin PBXFrameworksBuildPhase section */
		F1D2E8831E9A58930000DBB4 /* Frameworks */ = {
			isa = PBXFrameworksBuildPhase;
			buildActionMask = 2147483647;
			files = (
			);
			runOnlyForDeploymentPostprocessing = 0;
		};
		F1D2E89C1E9A58930000DBB4 /* Frameworks */ = {
			isa = PBXFrameworksBuildPhase;
			buildActionMask = 2147483647;
			files = (
			);
			runOnlyForDeploymentPostprocessing = 0;
		};
		F1D2E8A71E9A58930000DBB4 /* Frameworks */ = {
			isa = PBXFrameworksBuildPhase;
			buildActionMask = 2147483647;
			files = (
			);
			runOnlyForDeploymentPostprocessing = 0;
		};
/* End PBXFrameworksBuildPhase section */

/* Begin PBXGroup section */
		F14E76981E9B251C00E19BCA /* Base */ = {
			isa = PBXGroup;
			children = (
			);
			path = Base;
			sourceTree = "<group>";
		};
		F14E76991E9B251C00E19BCA /* Sections */ = {
			isa = PBXGroup;
			children = (
				F14E76B71E9B2C3A00E19BCA /* Follow */,
				F14E76BB1E9B2C3A00E19BCA /* Home */,
				F14E76BF1E9B2C3A00E19BCA /* Live */,
				F14E76C31E9B2C3A00E19BCA /* Profile */,
			);
			path = Sections;
			sourceTree = "<group>";
		};
		F14E769A1E9B251C00E19BCA /* Vendors */ = {
			isa = PBXGroup;
			children = (
			);
			path = Vendors;
			sourceTree = "<group>";
		};
		F14E76B71E9B2C3A00E19BCA /* Follow */ = {
			isa = PBXGroup;
			children = (
				F14E76B81E9B2C3A00E19BCA /* Follow.storyboard */,
				F14E76B91E9B2C3A00E19BCA /* FollowViewController.h */,
				F14E76BA1E9B2C3A00E19BCA /* FollowViewController.m */,
			);
			path = Follow;
			sourceTree = "<group>";
		};
		F14E76BB1E9B2C3A00E19BCA /* Home */ = {
			isa = PBXGroup;
			children = (
				F14E76BC1E9B2C3A00E19BCA /* Home.storyboard */,
				F14E76BD1E9B2C3A00E19BCA /* HomeViewController.h */,
				F14E76BE1E9B2C3A00E19BCA /* HomeViewController.m */,
			);
			path = Home;
			sourceTree = "<group>";
		};
		F14E76BF1E9B2C3A00E19BCA /* Live */ = {
			isa = PBXGroup;
			children = (
				F14E76C01E9B2C3A00E19BCA /* Live.storyboard */,
				F14E76C11E9B2C3A00E19BCA /* LiveViewController.h */,
				F14E76C21E9B2C3A00E19BCA /* LiveViewController.m */,
			);
			path = Live;
			sourceTree = "<group>";
		};
		F14E76C31E9B2C3A00E19BCA /* Profile */ = {
			isa = PBXGroup;
			children = (
				F14E76C41E9B2C3A00E19BCA /* Profile.storyboard */,
				F14E76C51E9B2C3A00E19BCA /* ProfileViewController.h */,
				F14E76C61E9B2C3A00E19BCA /* ProfileViewController.m */,
			);
			path = Profile;
			sourceTree = "<group>";
		};
		F1D2E87D1E9A58930000DBB4 = {
			isa = PBXGroup;
			children = (
				F1D2E8881E9A58930000DBB4 /* PSDYZB */,
				F1D2E8A21E9A58930000DBB4 /* PSDYZBTests */,
				F1D2E8AD1E9A58930000DBB4 /* PSDYZBUITests */,
				F1D2E8871E9A58930000DBB4 /* Products */,
			);
			sourceTree = "<group>";
		};
		F1D2E8871E9A58930000DBB4 /* Products */ = {
			isa = PBXGroup;
			children = (
				F1D2E8861E9A58930000DBB4 /* PSDYZB.app */,
				F1D2E89F1E9A58930000DBB4 /* PSDYZBTests.xctest */,
				F1D2E8AA1E9A58930000DBB4 /* PSDYZBUITests.xctest */,
			);
			name = Products;
			sourceTree = "<group>";
		};
		F1D2E8881E9A58930000DBB4 /* PSDYZB */ = {
			isa = PBXGroup;
			children = (
				F14E76981E9B251C00E19BCA /* Base */,
				F14E76991E9B251C00E19BCA /* Sections */,
				F14E769A1E9B251C00E19BCA /* Vendors */,
				F1D2E88C1E9A58930000DBB4 /* AppDelegate.h */,
				F1D2E88D1E9A58930000DBB4 /* AppDelegate.m */,
				F1D2E8921E9A58930000DBB4 /* Main.storyboard */,
				F1D2E8951E9A58930000DBB4 /* Assets.xcassets */,
				F1D2E8971E9A58930000DBB4 /* LaunchScreen.storyboard */,
				F1D2E89A1E9A58930000DBB4 /* Info.plist */,
				F1D2E8891E9A58930000DBB4 /* Supporting Files */,
			);
			path = PSDYZB;
			sourceTree = "<group>";
		};
		F1D2E8891E9A58930000DBB4 /* Supporting Files */ = {
			isa = PBXGroup;
			children = (
				F1D2E88A1E9A58930000DBB4 /* main.m */,
			);
			name = "Supporting Files";
			sourceTree = "<group>";
		};
		F1D2E8A21E9A58930000DBB4 /* PSDYZBTests */ = {
			isa = PBXGroup;
			children = (
				F1D2E8A31E9A58930000DBB4 /* PSDYZBTests.m */,
				F1D2E8A51E9A58930000DBB4 /* Info.plist */,
			);
			path = PSDYZBTests;
			sourceTree = "<group>";
		};
		F1D2E8AD1E9A58930000DBB4 /* PSDYZBUITests */ = {
			isa = PBXGroup;
			children = (
				F1D2E8AE1E9A58930000DBB4 /* PSDYZBUITests.m */,
				F1D2E8B01E9A58930000DBB4 /* Info.plist */,
			);
			path = PSDYZBUITests;
			sourceTree = "<group>";
		};
/* End PBXGroup section */

/* Begin PBXNativeTarget section */
		F1D2E8851E9A58930000DBB4 /* PSDYZB */ = {
			isa = PBXNativeTarget;
			buildConfigurationList = F1D2E8B31E9A58930000DBB4 /* Build configuration list for PBXNativeTarget "PSDYZB" */;
			buildPhases = (
				F1D2E8821E9A58930000DBB4 /* Sources */,
				F1D2E8831E9A58930000DBB4 /* Frameworks */,
				F1D2E8841E9A58930000DBB4 /* Resources */,
			);
			buildRules = (
			);
			dependencies = (
			);
			name = PSDYZB;
			productName = PSDYZB;
			productReference = F1D2E8861E9A58930000DBB4 /* PSDYZB.app */;
			productType = "com.apple.product-type.application";
		};
		F1D2E89E1E9A58930000DBB4 /* PSDYZBTests */ = {
			isa = PBXNativeTarget;
			buildConfigurationList = F1D2E8B61E9A58930000DBB4 /* Build configuration list for PBXNativeTarget "PSDYZBTests" */;
			buildPhases = (
				F1D2E89B1E9A58930000DBB4 /* Sources */,
				F1D2E89C1E9A58930000DBB4 /* Frameworks */,
				F1D2E89D1E9A58930000DBB4 /* Resources */,
			);
			buildRules = (
			);
			dependencies = (
				F1D2E8A11E9A58930000DBB4 /* PBXTargetDependency */,
			);
			name = PSDYZBTests;
			productName = PSDYZBTests;
			productReference = F1D2E89F1E9A58930000DBB4 /* PSDYZBTests.xctest */;
			productType = "com.apple.product-type.bundle.unit-test";
		};
		F1D2E8A91E9A58930000DBB4 /* PSDYZBUITests */ = {
			isa = PBXNativeTarget;
			buildConfigurationList = F1D2E8B91E9A58930000DBB4 /* Build configuration list for PBXNativeTarget "PSDYZBUITests" */;
			buildPhases = (
				F1D2E8A61E9A58930000DBB4 /* Sources */,
				F1D2E8A71E9A58930000DBB4 /* Frameworks */,
				F1D2E8A81E9A58930000DBB4 /* Resources */,
			);
			buildRules = (
			);
			dependencies = (
				F1D2E8AC1E9A58930000DBB4 /* PBXTargetDependency */,
			);
			name = PSDYZBUITests;
			productName = PSDYZBUITests;
			productReference = F1D2E8AA1E9A58930000DBB4 /* PSDYZBUITests.xctest */;
			productType = "com.apple.product-type.bundle.ui-testing";
		};
/* End PBXNativeTarget section */

/* Begin PBXProject section */
		F1D2E87E1E9A58930000DBB4 /* Project object */ = {
			isa = PBXProject;
			attributes = {
				LastUpgradeCheck = 0830;
				ORGANIZATIONNAME = "思 彭";
				TargetAttributes = {
					F1D2E8851E9A58930000DBB4 = {
						CreatedOnToolsVersion = 8.3;
						DevelopmentTeam = RN6253B2FZ;
						ProvisioningStyle = Automatic;
					};
					F1D2E89E1E9A58930000DBB4 = {
						CreatedOnToolsVersion = 8.3;
						DevelopmentTeam = RN6253B2FZ;
						ProvisioningStyle = Automatic;
						TestTargetID = F1D2E8851E9A58930000DBB4;
					};
					F1D2E8A91E9A58930000DBB4 = {
						CreatedOnToolsVersion = 8.3;
						DevelopmentTeam = RN6253B2FZ;
						ProvisioningStyle = Automatic;
						TestTargetID = F1D2E8851E9A58930000DBB4;
					};
				};
			};
			buildConfigurationList = F1D2E8811E9A58930000DBB4 /* Build configuration list for PBXProject "PSDYZB" */;
			compatibilityVersion = "Xcode 3.2";
			developmentRegion = English;
			hasScannedForEncodings = 0;
			knownRegions = (
				en,
				Base,
			);
			mainGroup = F1D2E87D1E9A58930000DBB4;
			productRefGroup = F1D2E8871E9A58930000DBB4 /* Products */;
			projectDirPath = "";
			projectRoot = "";
			targets = (
				F1D2E8851E9A58930000DBB4 /* PSDYZB */,
				F1D2E89E1E9A58930000DBB4 /* PSDYZBTests */,
				F1D2E8A91E9A58930000DBB4 /* PSDYZBUITests */,
			);
		};
/* End PBXProject section */

/* Begin PBXResourcesBuildPhase section */
		F1D2E8841E9A58930000DBB4 /* Resources */ = {
			isa = PBXResourcesBuildPhase;
			buildActionMask = 2147483647;
			files = (
				F1D2E8991E9A58930000DBB4 /* LaunchScreen.storyboard in Resources */,
				F14E76C91E9B2C3A00E19BCA /* Home.storyboard in Resources */,
				F14E76CB1E9B2C3A00E19BCA /* Live.storyboard in Resources */,
				F1D2E8961E9A58930000DBB4 /* Assets.xcassets in Resources */,
				F1D2E8941E9A58930000DBB4 /* Main.storyboard in Resources */,
				F14E76CD1E9B2C3A00E19BCA /* Profile.storyboard in Resources */,
				F14E76C71E9B2C3A00E19BCA /* Follow.storyboard in Resources */,
			);
			runOnlyForDeploymentPostprocessing = 0;
		};
		F1D2E89D1E9A58930000DBB4 /* Resources */ = {
			isa = PBXResourcesBuildPhase;
			buildActionMask = 2147483647;
			files = (
			);
			runOnlyForDeploymentPostprocessing = 0;
		};
		F1D2E8A81E9A58930000DBB4 /* Resources */ = {
			isa = PBXResourcesBuildPhase;
			buildActionMask = 2147483647;
			files = (
			);
			runOnlyForDeploymentPostprocessing = 0;
		};
/* End PBXResourcesBuildPhase section */

/* Begin PBXSourcesBuildPhase section */
		F1D2E8821E9A58930000DBB4 /* Sources */ = {
			isa = PBXSourcesBuildPhase;
			buildActionMask = 2147483647;
			files = (
				F14E76CC1E9B2C3A00E19BCA /* LiveViewController.m in Sources */,
				F1D2E88E1E9A58930000DBB4 /* AppDelegate.m in Sources */,
				F1D2E88B1E9A58930000DBB4 /* main.m in Sources */,
				F14E76C81E9B2C3A00E19BCA /* FollowViewController.m in Sources */,
				F14E76CE1E9B2C3A00E19BCA /* ProfileViewController.m in Sources */,
				F14E76CA1E9B2C3A00E19BCA /* HomeViewController.m in Sources */,
			);
			runOnlyForDeploymentPostprocessing = 0;
		};
		F1D2E89B1E9A58930000DBB4 /* Sources */ = {
			isa = PBXSourcesBuildPhase;
			buildActionMask = 2147483647;
			files = (
				F1D2E8A41E9A58930000DBB4 /* PSDYZBTests.m in Sources */,
			);
			runOnlyForDeploymentPostprocessing = 0;
		};
		F1D2E8A61E9A58930000DBB4 /* Sources */ = {
			isa = PBXSourcesBuildPhase;
			buildActionMask = 2147483647;
			files = (
				F1D2E8AF1E9A58930000DBB4 /* PSDYZBUITests.m in Sources */,
			);
			runOnlyForDeploymentPostprocessing = 0;
		};
/* End PBXSourcesBuildPhase section */

/* Begin PBXTargetDependency section */
		F1D2E8A11E9A58930000DBB4 /* PBXTargetDependency */ = {
			isa = PBXTargetDependency;
			target = F1D2E8851E9A58930000DBB4 /* PSDYZB */;
			targetProxy = F1D2E8A01E9A58930000DBB4 /* PBXContainerItemProxy */;
		};
		F1D2E8AC1E9A58930000DBB4 /* PBXTargetDependency */ = {
			isa = PBXTargetDependency;
			target = F1D2E8851E9A58930000DBB4 /* PSDYZB */;
			targetProxy = F1D2E8AB1E9A58930000DBB4 /* PBXContainerItemProxy */;
		};
/* End PBXTargetDependency section */

/* Begin PBXVariantGroup section */
		F1D2E8921E9A58930000DBB4 /* Main.storyboard */ = {
			isa = PBXVariantGroup;
			children = (
				F1D2E8931E9A58930000DBB4 /* Base */,
			);
			name = Main.storyboard;
			sourceTree = "<group>";
		};
		F1D2E8971E9A58930000DBB4 /* LaunchScreen.storyboard */ = {
			isa = PBXVariantGroup;
			children = (
				F1D2E8981E9A58930000DBB4 /* Base */,
			);
			name = LaunchScreen.storyboard;
			sourceTree = "<group>";
		};
/* End PBXVariantGroup section */

/* Begin XCBuildConfiguration section */
		F1D2E8B11E9A58930000DBB4 /* Debug */ = {
			isa = XCBuildConfiguration;
			buildSettings = {
				ALWAYS_SEARCH_USER_PATHS = NO;
				CLANG_ANALYZER_NONNULL = YES;
				CLANG_ANALYZER_NUMBER_OBJECT_CONVERSION = YES_AGGRESSIVE;
				CLANG_CXX_LANGUAGE_STANDARD = "gnu++0x";
				CLANG_CXX_LIBRARY = "libc++";
				CLANG_ENABLE_MODULES = YES;
				CLANG_ENABLE_OBJC_ARC = YES;
				CLANG_WARN_BOOL_CONVERSION = YES;
				CLANG_WARN_CONSTANT_CONVERSION = YES;
				CLANG_WARN_DIRECT_OBJC_ISA_USAGE = YES_ERROR;
				CLANG_WARN_DOCUMENTATION_COMMENTS = YES;
				CLANG_WARN_EMPTY_BODY = YES;
				CLANG_WARN_ENUM_CONVERSION = YES;
				CLANG_WARN_INFINITE_RECURSION = YES;
				CLANG_WARN_INT_CONVERSION = YES;
				CLANG_WARN_OBJC_ROOT_CLASS = YES_ERROR;
				CLANG_WARN_SUSPICIOUS_MOVE = YES;
				CLANG_WARN_UNREACHABLE_CODE = YES;
				CLANG_WARN__DUPLICATE_METHOD_MATCH = YES;
				"CODE_SIGN_IDENTITY[sdk=iphoneos*]" = "iPhone Developer";
				COPY_PHASE_STRIP = NO;
				DEBUG_INFORMATION_FORMAT = dwarf;
				ENABLE_STRICT_OBJC_MSGSEND = YES;
				ENABLE_TESTABILITY = YES;
				GCC_C_LANGUAGE_STANDARD = gnu99;
				GCC_DYNAMIC_NO_PIC = NO;
				GCC_NO_COMMON_BLOCKS = YES;
				GCC_OPTIMIZATION_LEVEL = 0;
				GCC_PREPROCESSOR_DEFINITIONS = (
					"DEBUG=1",
					"$(inherited)",
				);
				GCC_WARN_64_TO_32_BIT_CONVERSION = YES;
				GCC_WARN_ABOUT_RETURN_TYPE = YES_ERROR;
				GCC_WARN_UNDECLARED_SELECTOR = YES;
				GCC_WARN_UNINITIALIZED_AUTOS = YES_AGGRESSIVE;
				GCC_WARN_UNUSED_FUNCTION = YES;
				GCC_WARN_UNUSED_VARIABLE = YES;
				IPHONEOS_DEPLOYMENT_TARGET = 10.3;
				MTL_ENABLE_DEBUG_INFO = YES;
				ONLY_ACTIVE_ARCH = YES;
				SDKROOT = iphoneos;
			};
			name = Debug;
		};
		F1D2E8B21E9A58930000DBB4 /* Release */ = {
			isa = XCBuildConfiguration;
			buildSettings = {
				ALWAYS_SEARCH_USER_PATHS = NO;
				CLANG_ANALYZER_NONNULL = YES;
				CLANG_ANALYZER_NUMBER_OBJECT_CONVERSION = YES_AGGRESSIVE;
				CLANG_CXX_LANGUAGE_STANDARD = "gnu++0x";
				CLANG_CXX_LIBRARY = "libc++";
				CLANG_ENABLE_MODULES = YES;
				CLANG_ENABLE_OBJC_ARC = YES;
				CLANG_WARN_BOOL_CONVERSION = YES;
				CLANG_WARN_CONSTANT_CONVERSION = YES;
				CLANG_WARN_DIRECT_OBJC_ISA_USAGE = YES_ERROR;
				CLANG_WARN_DOCUMENTATION_COMMENTS = YES;
				CLANG_WARN_EMPTY_BODY = YES;
				CLANG_WARN_ENUM_CONVERSION = YES;
				CLANG_WARN_INFINITE_RECURSION = YES;
				CLANG_WARN_INT_CONVERSION = YES;
				CLANG_WARN_OBJC_ROOT_CLASS = YES_ERROR;
				CLANG_WARN_SUSPICIOUS_MOVE = YES;
				CLANG_WARN_UNREACHABLE_CODE = YES;
				CLANG_WARN__DUPLICATE_METHOD_MATCH = YES;
				"CODE_SIGN_IDENTITY[sdk=iphoneos*]" = "iPhone Developer";
				COPY_PHASE_STRIP = NO;
				DEBUG_INFORMATION_FORMAT = "dwarf-with-dsym";
				ENABLE_NS_ASSERTIONS = NO;
				ENABLE_STRICT_OBJC_MSGSEND = YES;
				GCC_C_LANGUAGE_STANDARD = gnu99;
				GCC_NO_COMMON_BLOCKS = YES;
				GCC_WARN_64_TO_32_BIT_CONVERSION = YES;
				GCC_WARN_ABOUT_RETURN_TYPE = YES_ERROR;
				GCC_WARN_UNDECLARED_SELECTOR = YES;
				GCC_WARN_UNINITIALIZED_AUTOS = YES_AGGRESSIVE;
				GCC_WARN_UNUSED_FUNCTION = YES;
				GCC_WARN_UNUSED_VARIABLE = YES;
				IPHONEOS_DEPLOYMENT_TARGET = 10.3;
				MTL_ENABLE_DEBUG_INFO = NO;
				SDKROOT = iphoneos;
				VALIDATE_PRODUCT = YES;
			};
			name = Release;
		};
		F1D2E8B41E9A58930000DBB4 /* Debug */ = {
			isa = XCBuildConfiguration;
			buildSettings = {
				ASSETCATALOG_COMPILER_APPICON_NAME = AppIcon;
				DEVELOPMENT_TEAM = RN6253B2FZ;
				INFOPLIST_FILE = PSDYZB/Info.plist;
				LD_RUNPATH_SEARCH_PATHS = "$(inherited) @executable_path/Frameworks";
				PRODUCT_BUNDLE_IDENTIFIER = com.combanc.cn.PSDYZB;
				PRODUCT_NAME = "$(TARGET_NAME)";
			};
			name = Debug;
		};
		F1D2E8B51E9A58930000DBB4 /* Release */ = {
			isa = XCBuildConfiguration;
			buildSettings = {
				ASSETCATALOG_COMPILER_APPICON_NAME = AppIcon;
				DEVELOPMENT_TEAM = RN6253B2FZ;
				INFOPLIST_FILE = PSDYZB/Info.plist;
				LD_RUNPATH_SEARCH_PATHS = "$(inherited) @executable_path/Frameworks";
				PRODUCT_BUNDLE_IDENTIFIER = com.combanc.cn.PSDYZB;
				PRODUCT_NAME = "$(TARGET_NAME)";
			};
			name = Release;
		};
		F1D2E8B71E9A58930000DBB4 /* Debug */ = {
			isa = XCBuildConfiguration;
			buildSettings = {
				BUNDLE_LOADER = "$(TEST_HOST)";
				DEVELOPMENT_TEAM = RN6253B2FZ;
				INFOPLIST_FILE = PSDYZBTests/Info.plist;
				LD_RUNPATH_SEARCH_PATHS = "$(inherited) @executable_path/Frameworks @loader_path/Frameworks";
				PRODUCT_BUNDLE_IDENTIFIER = com.combanc.cn.PSDYZBTests;
				PRODUCT_NAME = "$(TARGET_NAME)";
				TEST_HOST = "$(BUILT_PRODUCTS_DIR)/PSDYZB.app/PSDYZB";
			};
			name = Debug;
		};
		F1D2E8B81E9A58930000DBB4 /* Release */ = {
			isa = XCBuildConfiguration;
			buildSettings = {
				BUNDLE_LOADER = "$(TEST_HOST)";
				DEVELOPMENT_TEAM = RN6253B2FZ;
				INFOPLIST_FILE = PSDYZBTests/Info.plist;
				LD_RUNPATH_SEARCH_PATHS = "$(inherited) @executable_path/Frameworks @loader_path/Frameworks";
				PRODUCT_BUNDLE_IDENTIFIER = com.combanc.cn.PSDYZBTests;
				PRODUCT_NAME = "$(TARGET_NAME)";
				TEST_HOST = "$(BUILT_PRODUCTS_DIR)/PSDYZB.app/PSDYZB";
			};
			name = Release;
		};
		F1D2E8BA1E9A58930000DBB4 /* Debug */ = {
			isa = XCBuildConfiguration;
			buildSettings = {
				DEVELOPMENT_TEAM = RN6253B2FZ;
				INFOPLIST_FILE = PSDYZBUITests/Info.plist;
				LD_RUNPATH_SEARCH_PATHS = "$(inherited) @executable_path/Frameworks @loader_path/Frameworks";
				PRODUCT_BUNDLE_IDENTIFIER = com.combanc.cn.PSDYZBUITests;
				PRODUCT_NAME = "$(TARGET_NAME)";
				TEST_TARGET_NAME = PSDYZB;
			};
			name = Debug;
		};
		F1D2E8BB1E9A58930000DBB4 /* Release */ = {
			isa = XCBuildConfiguration;
			buildSettings = {
				DEVELOPMENT_TEAM = RN6253B2FZ;
				INFOPLIST_FILE = PSDYZBUITests/Info.plist;
				LD_RUNPATH_SEARCH_PATHS = "$(inherited) @executable_path/Frameworks @loader_path/Frameworks";
				PRODUCT_BUNDLE_IDENTIFIER = com.combanc.cn.PSDYZBUITests;
				PRODUCT_NAME = "$(TARGET_NAME)";
				TEST_TARGET_NAME = PSDYZB;
			};
			name = Release;
		};
/* End XCBuildConfiguration section */

/* Begin XCConfigurationList section */
		F1D2E8811E9A58930000DBB4 /* Build configuration list for PBXProject "PSDYZB" */ = {
			isa = XCConfigurationList;
			buildConfigurations = (
				F1D2E8B11E9A58930000DBB4 /* Debug */,
				F1D2E8B21E9A58930000DBB4 /* Release */,
			);
			defaultConfigurationIsVisible = 0;
			defaultConfigurationName = Release;
		};
		F1D2E8B31E9A58930000DBB4 /* Build configuration list for PBXNativeTarget "PSDYZB" */ = {
			isa = XCConfigurationList;
			buildConfigurations = (
				F1D2E8B41E9A58930000DBB4 /* Debug */,
				F1D2E8B51E9A58930000DBB4 /* Release */,
			);
			defaultConfigurationIsVisible = 0;
			defaultConfigurationName = Release;
		};
		F1D2E8B61E9A58930000DBB4 /* Build configuration list for PBXNativeTarget "PSDYZBTests" */ = {
			isa = XCConfigurationList;
			buildConfigurations = (
				F1D2E8B71E9A58930000DBB4 /* Debug */,
				F1D2E8B81E9A58930000DBB4 /* Release */,
			);
			defaultConfigurationIsVisible = 0;
			defaultConfigurationName = Release;
		};
		F1D2E8B91E9A58930000DBB4 /* Build configuration list for PBXNativeTarget "PSDYZBUITests" */ = {
			isa = XCConfigurationList;
			buildConfigurations = (
				F1D2E8BA1E9A58930000DBB4 /* Debug */,
				F1D2E8BB1E9A58930000DBB4 /* Release */,
			);
			defaultConfigurationIsVisible = 0;
			defaultConfigurationName = Release;
		};
/* End XCConfigurationList section */
	};
	rootObject = F1D2E87E1E9A58930000DBB4 /* Project object */;
}
